
Microsoft Visual Studio Solution File, Format Version 12.00
# Visual Studio Version 16
VisualStudioVersion = 16.0.29613.14
MinimumVisualStudioVersion = 10.0.40219.1
Project("{FAE04EC0-301F-11D3-BF4B-00C04F79EFBC}") = "Domain", "Domain\Domain.csproj", "{E918CD5F-D9AA-4179-B2B2-AC58199A9919}"
EndProject
Project("{FAE04EC0-301F-11D3-BF4B-00C04F79EFBC}") = "Application", "Application\Application.csproj", "{95801A52-EA52-465F-BDCD-B203C8F4AFD2}"
EndProject
Project("{FAE04EC0-301F-11D3-BF4B-00C04F79EFBC}") = "Persistence", "Persistence\Persistence.csproj", "{FE6D1ED0-C6AE-4B01-9C7D-B6B29473648C}"
EndProject
Project("{FAE04EC0-301F-11D3-BF4B-00C04F79EFBC}") = "API", "API\API.csproj", "{97BF8155-42E1-408B-83D4-93F547C700F0}"
EndProject
Global
	GlobalSection(SolutionConfigurationPlatforms) = preSolution
		Debug|Any CPU = Debug|Any CPU
		Release|Any CPU = Release|Any CPU
	EndGlobalSection
	GlobalSection(ProjectConfigurationPlatforms) = postSolution
		{E918CD5F-D9AA-4179-B2B2-AC58199A9919}.Debug|Any CPU.ActiveCfg = Debug|Any CPU
		{E918CD5F-D9AA-4179-B2B2-AC58199A9919}.Debug|Any CPU.Build.0 = Debug|Any CPU
		{E918CD5F-D9AA-4179-B2B2-AC58199A9919}.Release|Any CPU.ActiveCfg = Release|Any CPU
		{E918CD5F-D9AA-4179-B2B2-AC58199A9919}.Release|Any CPU.Build.0 = Release|Any CPU
		{95801A52-EA52-465F-BDCD-B203C8F4AFD2}.Debug|Any CPU.ActiveCfg = Debug|Any CPU
		{95801A52-EA52-465F-BDCD-B203C8F4AFD2}.Debug|Any CPU.Build.0 = Debug|Any CPU
		{95801A52-EA52-465F-BDCD-B203C8F4AFD2}.Release|Any CPU.ActiveCfg = Release|Any CPU
		{95801A52-EA52-465F-BDCD-B203C8F4AFD2}.Release|Any CPU.Build.0 = Release|Any CPU
		{FE6D1ED0-C6AE-4B01-9C7D-B6B29473648C}.Debug|Any CPU.ActiveCfg = Debug|Any CPU
		{FE6D1ED0-C6AE-4B01-9C7D-B6B29473648C}.Debug|Any CPU.Build.0 = Debug|Any CPU
		{FE6D1ED0-C6AE-4B01-9C7D-B6B29473648C}.Release|Any CPU.ActiveCfg = Release|Any CPU
		{FE6D1ED0-C6AE-4B01-9C7D-B6B29473648C}.Release|Any CPU.Build.0 = Release|Any CPU
		{97BF8155-42E1-408B-83D4-93F547C700F0}.Debug|Any CPU.ActiveCfg = Debug|Any CPU
		{97BF8155-42E1-408B-83D4-93F547C700F0}.Debug|Any CPU.Build.0 = Debug|Any CPU
		{97BF8155-42E1-408B-83D4-93F547C700F0}.Release|Any CPU.ActiveCfg = Release|Any CPU
		{97BF8155-42E1-408B-83D4-93F547C700F0}.Release|Any CPU.Build.0 = Release|Any CPU
	EndGlobalSection
	GlobalSection(SolutionProperties) = preSolution
		HideSolutionNode = FALSE
	EndGlobalSection
	GlobalSection(ExtensibilityGlobals) = postSolution
		SolutionGuid = {8610A3A7-01CA-40F1-B503-26F154953571}
	EndGlobalSection
EndGlobal
